// !$*UTF8*$!
{
	archiveVersion = 1;
	classes = {
	};
	objectVersion = 56;
	objects = {

/* Begin PBXBuildFile section */
		111111111111111111111101 /* WristCheckCompanionApp.swift in Sources */ = {isa = PBXBuildFile; fileRef = 111111111111111111111102 /* WristCheckCompanionApp.swift */; };
		A9AC7C0741964F97B502804C /* Assets.xcassets in Resources */ = {isa = PBXBuildFile; fileRef = 8208B11876E94F4F940C464D /* Assets.xcassets */; };
		D04DA17C2ED544A6AE137178 /* WristCheckApp.swift in Sources */ = {isa = PBXBuildFile; fileRef = FD17BB51703B4119AB818701 /* WristCheckApp.swift */; };
/* End PBXBuildFile section */

/* Begin PBXFileReference section */
		111111111111111111111102 /* WristCheckCompanionApp.swift */ = {isa = PBXFileReference; lastKnownFileType = sourcecode.swift; path = WristCheckCompanionApp.swift; sourceTree = "<group>"; };
		111111111111111111111103 /* Info.plist */ = {isa = PBXFileReference; lastKnownFileType = text.plist.xml; path = Info.plist; sourceTree = "<group>"; };
		111111111111111111111104 /* WristCheckCompanion.app */ = {isa = PBXFileReference; explicitFileType = wrapper.application; includeInIndex = 0; path = WristCheckCompanion.app; sourceTree = BUILT_PRODUCTS_DIR; };
		1682593C114D48B0B361C3CB /* WristCheck.app */ = {isa = PBXFileReference; explicitFileType = wrapper.application; includeInIndex = 0; path = WristCheck.app; sourceTree = BUILT_PRODUCTS_DIR; };
		8208B11876E94F4F940C464D /* Assets.xcassets */ = {isa = PBXFileReference; lastKnownFileType = folder.assetcatalog; path = Assets.xcassets; sourceTree = "<group>"; };
		A4B1C2D3E4F5061728394050 /* Info.plist */ = {isa = PBXFileReference; lastKnownFileType = text.plist.xml; path = Info.plist; sourceTree = "<group>"; };
		FD17BB51703B4119AB818701 /* WristCheckApp.swift */ = {isa = PBXFileReference; lastKnownFileType = sourcecode.swift; path = WristCheckApp.swift; sourceTree = "<group>"; };
/* End PBXFileReference section */

/* Begin PBXFrameworksBuildPhase section */
		11111111111111111111110A /* Frameworks */ = {
			isa = PBXFrameworksBuildPhase;
			buildActionMask = 2147483647;
			files = (
			);
			runOnlyForDeploymentPostprocessing = 0;
		};
		30ED891956464C4EB28DEF65 /* Frameworks */ = {
			isa = PBXFrameworksBuildPhase;
			buildActionMask = 2147483647;
			files = (
			);
			runOnlyForDeploymentPostprocessing = 0;
		};
/* End PBXFrameworksBuildPhase section */

/* Begin PBXGroup section */
		8A0940EDD44C4B17A2B0FA7E = {
			isa = PBXGroup;
			children = (
				111111111111111111111105 /* ios */,
				D6123C72552A4F0CA6168DB6 /* watchos */,
				E806A80EFCA24A7B9974BDE9 /* Products */,
			);
			sourceTree = "<group>";
		};
		111111111111111111111105 /* ios */ = {
			isa = PBXGroup;
			children = (
				111111111111111111111106 /* WristCheckCompanion */,
			);
			path = ios;
			sourceTree = "<group>";
		};
		111111111111111111111106 /* WristCheckCompanion */ = {
			isa = PBXGroup;
			children = (
				111111111111111111111102 /* WristCheckCompanionApp.swift */,
				111111111111111111111103 /* Info.plist */,
			);
			path = WristCheckCompanion;
			sourceTree = "<group>";
		};
		D6123C72552A4F0CA6168DB6 /* watchos */ = {
			isa = PBXGroup;
			children = (
				F60CC73ED042498583CA4011 /* WristCheckWatchApp */,
			);
			path = watchos;
			sourceTree = "<group>";
		};
		E806A80EFCA24A7B9974BDE9 /* Products */ = {
			isa = PBXGroup;
			children = (
				1682593C114D48B0B361C3CB /* WristCheck.app */,
				111111111111111111111104 /* WristCheckCompanion.app */,
			);
			name = Products;
			sourceTree = "<group>";
		};
		F60CC73ED042498583CA4011 /* WristCheckWatchApp */ = {
			isa = PBXGroup;
			children = (
				FD17BB51703B4119AB818701 /* WristCheckApp.swift */,
				8208B11876E94F4F940C464D /* Assets.xcassets */,
				A4B1C2D3E4F5061728394050 /* Info.plist */,
			);
			path = WristCheckWatchApp;
			sourceTree = "<group>";
		};
/* End PBXGroup section */

/* Begin PBXNativeTarget section */
		111111111111111111111107 /* WristCheckCompanion */ = {
			isa = PBXNativeTarget;
			buildConfigurationList = 111111111111111111111108 /* Build configuration list for PBXNativeTarget "WristCheckCompanion" */;
			buildPhases = (
				111111111111111111111109 /* Sources */,
				11111111111111111111110A /* Frameworks */,
				11111111111111111111110B /* Resources */,
			);
			buildRules = (
			);
			dependencies = (
			);
			name = WristCheckCompanion;
			productName = WristCheckCompanion;
			productReference = 111111111111111111111104 /* WristCheckCompanion.app */;
			productType = "com.apple.product-type.application";
		};
		46A16FA021CE4FCFB66F3A08 /* WristCheck */ = {
			isa = PBXNativeTarget;
			buildConfigurationList = C0CE0CD8CCDB49E5A7ED235E /* Build configuration list for PBXNativeTarget "WristCheck" */;
			buildPhases = (
				DC2644433B12440389956CAD /* Sources */,
				30ED891956464C4EB28DEF65 /* Frameworks */,
				DD9BD0065F53454AB6FB34C8 /* Resources */,
			);
			buildRules = (
			);
			dependencies = (
			);
			name = WristCheck;
			productName = WristCheck;
			productReference = 1682593C114D48B0B361C3CB /* WristCheck.app */;
			productType = "com.apple.product-type.application";
		};
/* End PBXNativeTarget section */

/* Begin PBXProject section */
		10C7F04A3B7C4496980A8A17 /* Project object */ = {
			isa = PBXProject;
			attributes = {
				BuildIndependentTargetsInParallel = 1;
				LastSwiftUpdateCheck = 1600;
				LastUpgradeCheck = 1600;
				TargetAttributes = {
					46A16FA021CE4FCFB66F3A08 = {
						CreatedOnToolsVersion = 16.0;
					};
				};
			};
			buildConfigurationList = D64EEEB9F03E4BF58DF883C5 /* Build configuration list for PBXProject "WristCheck" */;
			compatibilityVersion = "Xcode 14.0";
			developmentRegion = en;
			hasScannedForEncodings = 0;
			knownRegions = (
				en,
				Base,
			);
			mainGroup = 8A0940EDD44C4B17A2B0FA7E;
			productRefGroup = E806A80EFCA24A7B9974BDE9 /* Products */;
			projectDirPath = "";
			projectRoot = "";
			targets = (
				111111111111111111111107 /* WristCheckCompanion */,
				46A16FA021CE4FCFB66F3A08 /* WristCheck */,
			);
		};
/* End PBXProject section */

/* Begin PBXResourcesBuildPhase section */
		11111111111111111111110B /* Resources */ = {
			isa = PBXResourcesBuildPhase;
			buildActionMask = 2147483647;
			files = (
			);
			runOnlyForDeploymentPostprocessing = 0;
		};
		DD9BD0065F53454AB6FB34C8 /* Resources */ = {
			isa = PBXResourcesBuildPhase;
			buildActionMask = 2147483647;
			files = (
				A9AC7C0741964F97B502804C /* Assets.xcassets in Resources */,
			);
			runOnlyForDeploymentPostprocessing = 0;
		};
/* End PBXResourcesBuildPhase section */

/* Begin PBXSourcesBuildPhase section */
		111111111111111111111109 /* Sources */ = {
			isa = PBXSourcesBuildPhase;
			buildActionMask = 2147483647;
			files = (
				111111111111111111111101 /* WristCheckCompanionApp.swift in Sources */,
			);
			runOnlyForDeploymentPostprocessing = 0;
		};
		DC2644433B12440389956CAD /* Sources */ = {
			isa = PBXSourcesBuildPhase;
			buildActionMask = 2147483647;
			files = (
				D04DA17C2ED544A6AE137178 /* WristCheckApp.swift in Sources */,
			);
			runOnlyForDeploymentPostprocessing = 0;
		};
/* End PBXSourcesBuildPhase section */

/* Begin XCBuildConfiguration section */
		11111111111111111111110C /* Debug */ = {
			isa = XCBuildConfiguration;
			buildSettings = {
				CODE_SIGN_STYLE = Automatic;
				CURRENT_PROJECT_VERSION = 1;
				DEVELOPMENT_TEAM = 8L63KK956Q;
				ENABLE_PREVIEWS = YES;
				GENERATE_INFOPLIST_FILE = NO;
				INFOPLIST_FILE = ios/WristCheckCompanion/Info.plist;
				IPHONEOS_DEPLOYMENT_TARGET = 17.0;
				MARKETING_VERSION = 1.0;
				PRODUCT_BUNDLE_IDENTIFIER = com.wristcheck.WristCheckCompanion;
				PRODUCT_NAME = "$(TARGET_NAME)";
				SDKROOT = iphoneos;
				SKIP_INSTALL = NO;
				SUPPORTED_PLATFORMS = "iphoneos iphonesimulator";
				SWIFT_EMIT_LOC_STRINGS = YES;
				SWIFT_VERSION = 5.0;
				TARGETED_DEVICE_FAMILY = 1;
			};
			name = Debug;
		};
		11111111111111111111110D /* Release */ = {
			isa = XCBuildConfiguration;
			buildSettings = {
				CODE_SIGN_STYLE = Automatic;
				CURRENT_PROJECT_VERSION = 1;
				DEVELOPMENT_TEAM = 8L63KK956Q;
				ENABLE_PREVIEWS = YES;
				GENERATE_INFOPLIST_FILE = NO;
				INFOPLIST_FILE = ios/WristCheckCompanion/Info.plist;
				IPHONEOS_DEPLOYMENT_TARGET = 17.0;
				MARKETING_VERSION = 1.0;
				PRODUCT_BUNDLE_IDENTIFIER = com.wristcheck.WristCheckCompanion;
				PRODUCT_NAME = "$(TARGET_NAME)";
				SDKROOT = iphoneos;
				SKIP_INSTALL = NO;
				SUPPORTED_PLATFORMS = "iphoneos iphonesimulator";
				SWIFT_EMIT_LOC_STRINGS = YES;
				SWIFT_VERSION = 5.0;
				TARGETED_DEVICE_FAMILY = 1;
			};
			name = Release;
		};
		4CC1E4274C744619B9329915 /* Debug */ = {
			isa = XCBuildConfiguration;
			buildSettings = {
				ASSETCATALOG_COMPILER_APPICON_NAME = AppIcon;
				ASSETCATALOG_COMPILER_GLOBAL_ACCENT_COLOR_NAME = AccentColor;
				CODE_SIGN_STYLE = Automatic;
				CURRENT_PROJECT_VERSION = 1;
				DEVELOPMENT_ASSET_PATHS = "";
				DEVELOPMENT_TEAM = 8L63KK956Q;
				ENABLE_PREVIEWS = YES;
				GENERATE_INFOPLIST_FILE = NO;
				INFOPLIST_FILE = watchos/WristCheckWatchApp/Info.plist;
				MARKETING_VERSION = 1.0;
				PRODUCT_BUNDLE_IDENTIFIER = com.wristcheck.WristCheck;
				PRODUCT_NAME = "$(TARGET_NAME)";
				SDKROOT = watchos;
				SKIP_INSTALL = NO;
				SWIFT_EMIT_LOC_STRINGS = YES;
				SWIFT_VERSION = 5.0;
				TARGETED_DEVICE_FAMILY = 4;
				WATCHOS_DEPLOYMENT_TARGET = 8.0;
			};
			name = Debug;
		};
		69BDDD557A9D419284CEBED2 /* Release */ = {
			isa = XCBuildConfiguration;
			buildSettings = {
				ALWAYS_SEARCH_USER_PATHS = NO;
				ASSETCATALOG_COMPILER_GENERATE_SWIFT_ASSET_SYMBOL_EXTENSIONS = YES;
				CLANG_CXX_LANGUAGE_STANDARD = "gnu++20";
				CLANG_ENABLE_MODULES = YES;
				CLANG_ENABLE_OBJC_ARC = YES;
				CLANG_ENABLE_OBJC_WEAK = YES;
				COPY_PHASE_STRIP = NO;
				DEBUG_INFORMATION_FORMAT = "dwarf-with-dsym";
				ENABLE_NS_ASSERTIONS = NO;
				ENABLE_STRICT_OBJC_MSGSEND = YES;
				ENABLE_USER_SCRIPT_SANDBOXING = YES;
				GCC_C_LANGUAGE_STANDARD = gnu17;
				GCC_NO_COMMON_BLOCKS = YES;
				GCC_WARN_64_TO_32_BIT_CONVERSION = YES;
				GCC_WARN_ABOUT_RETURN_TYPE = YES_ERROR;
				GCC_WARN_UNDECLARED_SELECTOR = YES;
				GCC_WARN_UNINITIALIZED_AUTOS = YES_AGGRESSIVE;
				GCC_WARN_UNUSED_FUNCTION = YES;
				GCC_WARN_UNUSED_VARIABLE = YES;
				MTL_FAST_MATH = YES;
				SWIFT_COMPILATION_MODE = wholemodule;
			};
			name = Release;
		};
		C9BCA8F832F445ECBABD7A3B /* Release */ = {
			isa = XCBuildConfiguration;
			buildSettings = {
				ASSETCATALOG_COMPILER_APPICON_NAME = AppIcon;
				ASSETCATALOG_COMPILER_GLOBAL_ACCENT_COLOR_NAME = AccentColor;
				CODE_SIGN_STYLE = Automatic;
				CURRENT_PROJECT_VERSION = 1;
				DEVELOPMENT_ASSET_PATHS = "";
				DEVELOPMENT_TEAM = 8L63KK956Q;
				ENABLE_PREVIEWS = YES;
				GENERATE_INFOPLIST_FILE = NO;
				INFOPLIST_FILE = watchos/WristCheckWatchApp/Info.plist;
				MARKETING_VERSION = 1.0;
				PRODUCT_BUNDLE_IDENTIFIER = com.wristcheck.WristCheck;
				PRODUCT_NAME = "$(TARGET_NAME)";
				SDKROOT = watchos;
				SKIP_INSTALL = NO;
				SWIFT_EMIT_LOC_STRINGS = YES;
				SWIFT_VERSION = 5.0;
				TARGETED_DEVICE_FAMILY = 4;
				WATCHOS_DEPLOYMENT_TARGET = 8.0;
			};
			name = Release;
		};
		E388DA335456408D99FC167B /* Debug */ = {
			isa = XCBuildConfiguration;
			buildSettings = {
				ALWAYS_SEARCH_USER_PATHS = NO;
				ASSETCATALOG_COMPILER_GENERATE_SWIFT_ASSET_SYMBOL_EXTENSIONS = YES;
				CLANG_CXX_LANGUAGE_STANDARD = "gnu++20";
				CLANG_ENABLE_MODULES = YES;
				CLANG_ENABLE_OBJC_ARC = YES;
				CLANG_ENABLE_OBJC_WEAK = YES;
				CLANG_WARN_BLOCK_CAPTURE_AUTORELEASING = YES;
				CLANG_WARN_BOOL_CONVERSION = YES;
				CLANG_WARN_COMMA = YES;
				CLANG_WARN_CONSTANT_CONVERSION = YES;
				CLANG_WARN_DEPRECATED_OBJC_IMPLEMENTATIONS = YES;
				CLANG_WARN_DIRECT_OBJC_ISA_USAGE = YES_ERROR;
				CLANG_WARN_DOCUMENTATION_COMMENTS = YES;
				CLANG_WARN_EMPTY_BODY = YES;
				CLANG_WARN_ENUM_CONVERSION = YES;
				CLANG_WARN_INFINITE_RECURSION = YES;
				CLANG_WARN_INT_CONVERSION = YES;
				CLANG_WARN_NON_LITERAL_NULL_CONVERSION = YES;
				CLANG_WARN_OBJC_IMPLICIT_RETAIN_SELF = YES;
				CLANG_WARN_OBJC_LITERAL_CONVERSION = YES;
				CLANG_WARN_OBJC_ROOT_CLASS = YES_ERROR;
				CLANG_WARN_QUOTED_INCLUDE_IN_FRAMEWORK_HEADER = YES;
				CLANG_WARN_RANGE_LOOP_ANALYSIS = YES;
				CLANG_WARN_STRICT_PROTOTYPES = YES;
				CLANG_WARN_SUSPICIOUS_MOVE = YES;
				CLANG_WARN_UNGUARDED_AVAILABILITY = YES_AGGRESSIVE;
				CLANG_WARN_UNREACHABLE_CODE = YES;
				CLANG_WARN__DUPLICATE_METHOD_MATCH = YES;
				COPY_PHASE_STRIP = NO;
				DEBUG_INFORMATION_FORMAT = dwarf;
				ENABLE_STRICT_OBJC_MSGSEND = YES;
				ENABLE_TESTABILITY = YES;
				ENABLE_USER_SCRIPT_SANDBOXING = YES;
				GCC_C_LANGUAGE_STANDARD = gnu17;
				GCC_DYNAMIC_NO_PIC = NO;
				GCC_NO_COMMON_BLOCKS = YES;
				GCC_OPTIMIZATION_LEVEL = 0;
				GCC_PREPROCESSOR_DEFINITIONS = (
					"DEBUG=1",
					"$(inherited)",
				);
				GCC_WARN_64_TO_32_BIT_CONVERSION = YES;
				GCC_WARN_ABOUT_RETURN_TYPE = YES_ERROR;
				GCC_WARN_UNDECLARED_SELECTOR = YES;
				GCC_WARN_UNINITIALIZED_AUTOS = YES_AGGRESSIVE;
				GCC_WARN_UNUSED_FUNCTION = YES;
				GCC_WARN_UNUSED_VARIABLE = YES;
				MTL_ENABLE_DEBUG_INFO = INCLUDE_SOURCE;
				MTL_FAST_MATH = YES;
				ONLY_ACTIVE_ARCH = YES;
				SWIFT_ACTIVE_COMPILATION_CONDITIONS = "DEBUG $(inherited)";
				SWIFT_OPTIMIZATION_LEVEL = "-Onone";
			};
			name = Debug;
		};
/* End XCBuildConfiguration section */

/* Begin XCConfigurationList section */
		111111111111111111111108 /* Build configuration list for PBXNativeTarget "WristCheckCompanion" */ = {
			isa = XCConfigurationList;
			buildConfigurations = (
				11111111111111111111110C /* Debug */,
				11111111111111111111110D /* Release */,
			);
			defaultConfigurationIsVisible = 0;
			defaultConfigurationName = Release;
		};
		C0CE0CD8CCDB49E5A7ED235E /* Build configuration list for PBXNativeTarget "WristCheck" */ = {
			isa = XCConfigurationList;
			buildConfigurations = (
				4CC1E4274C744619B9329915 /* Debug */,
				C9BCA8F832F445ECBABD7A3B /* Release */,
			);
			defaultConfigurationIsVisible = 0;
			defaultConfigurationName = Release;
		};
		D64EEEB9F03E4BF58DF883C5 /* Build configuration list for PBXProject "WristCheck" */ = {
			isa = XCConfigurationList;
			buildConfigurations = (
				E388DA335456408D99FC167B /* Debug */,
				69BDDD557A9D419284CEBED2 /* Release */,
			);
			defaultConfigurationIsVisible = 0;
			defaultConfigurationName = Release;
		};
/* End XCConfigurationList section */
	};
	rootObject = 10C7F04A3B7C4496980A8A17 /* Project object */;
}
